
Microsoft Visual Studio Solution File, Format Version 12.00
# Visual Studio Version 16
VisualStudioVersion = 16.0.29009.5
MinimumVisualStudioVersion = 10.0.40219.1
Project("{FAE04EC0-301F-11D3-BF4B-00C04F79EFBC}") = "FoodNStuff.MVC", "FoodNStuff.MVC\FoodNStuff.MVC.csproj", "{45D37BEE-2C6B-4234-98DC-935F291F8A8C}"
EndProject
Global
	GlobalSection(SolutionConfigurationPlatforms) = preSolution
		Debug|Any CPU = Debug|Any CPU
		Release|Any CPU = Release|Any CPU
	EndGlobalSection
	GlobalSection(ProjectConfigurationPlatforms) = postSolution
		{45D37BEE-2C6B-4234-98DC-935F291F8A8C}.Debug|Any CPU.ActiveCfg = Debug|Any CPU
		{45D37BEE-2C6B-4234-98DC-935F291F8A8C}.Debug|Any CPU.Build.0 = Debug|Any CPU
		{45D37BEE-2C6B-4234-98DC-935F291F8A8C}.Release|Any CPU.ActiveCfg = Release|Any CPU
		{45D37BEE-2C6B-4234-98DC-935F291F8A8C}.Release|Any CPU.Build.0 = Release|Any CPU
	EndGlobalSection
	GlobalSection(SolutionProperties) = preSolution
		HideSolutionNode = FALSE
	EndGlobalSection
	GlobalSection(ExtensibilityGlobals) = postSolution
		SolutionGuid = {47EF5AC4-E821-4B22-A1B6-6B7388E0A3C2}
	EndGlobalSection
EndGlobal
